github.com/colega/zeropool v0.0.0-20230505084239-6fb4a4f75381 h1:d5EKgQfRQvO97jnISfR89AiCCCJMwMFoSxUiU0OGCRU=
github.com/colega/zeropool v0.0.0-20230505084239-6fb4a4f75381/go.mod h1:OU76gHeRo8xrzGJU3F3I1CqX1ekM8dfJw0+wPeMwnp0=
github.com/puzpuzpuz/xsync/v4 v4.1.0 h1:x9eHRl4QhZFIPJ17yl4KKW9xLyVWbb3/Yq4SXpjF71U=
github.com/puzpuzpuz/xsync/v4 v4.1.0/go.mod h1:VJDmTCJMBt8igNxnkQd86r+8KUeN1quSfNKu5bLYFQo=
golang.org/x/exp v0.0.0-20250718183923-645b1fa84792 h1:R9PFI6EUdfVKgwKjZef7QIwGcBKu86OEFpJ9nUEP2l4=
golang.org/x/exp v0.0.0-20250718183923-645b1fa84792/go.mod h1:A+z0yzpGtvnG90cToK5n2tu8UJVP2XUATh+r+sfOOOc=
